
Microsoft Visual Studio Solution File, Format Version 12.00
# Visual Studio Version 16
VisualStudioVersion = 16.0.31624.102
MinimumVisualStudioVersion = 10.0.40219.1
Project("{FAE04EC0-301F-11D3-BF4B-00C04F79EFBC}") = "RoboWorld", "RoboWorld\RoboWorld.csproj", "{F5DB0379-9F6C-4BF4-A262-01F63E8B20B7}"
EndProject
Global
	GlobalSection(SolutionConfigurationPlatforms) = preSolution
		Debug|Any CPU = Debug|Any CPU
		Release|Any CPU = Release|Any CPU
	EndGlobalSection
	GlobalSection(ProjectConfigurationPlatforms) = postSolution
		{F5DB0379-9F6C-4BF4-A262-01F63E8B20B7}.Debug|Any CPU.ActiveCfg = Debug|Any CPU
		{F5DB0379-9F6C-4BF4-A262-01F63E8B20B7}.Debug|Any CPU.Build.0 = Debug|Any CPU
		{F5DB0379-9F6C-4BF4-A262-01F63E8B20B7}.Release|Any CPU.ActiveCfg = Release|Any CPU
		{F5DB0379-9F6C-4BF4-A262-01F63E8B20B7}.Release|Any CPU.Build.0 = Release|Any CPU
	EndGlobalSection
	GlobalSection(SolutionProperties) = preSolution
		HideSolutionNode = FALSE
	EndGlobalSection
	GlobalSection(ExtensibilityGlobals) = postSolution
		SolutionGuid = {80F82087-0378-4DD0-867A-97C87EBE25E9}
	EndGlobalSection
EndGlobal
